
Microsoft Visual Studio Solution File, Format Version 12.00
# Visual Studio Version 17
VisualStudioVersion = 17.0.31612.314
MinimumVisualStudioVersion = 10.0.40219.1
Project("{FAE04EC0-301F-11D3-BF4B-00C04F79EFBC}") = "MauiStocksMini", "CS\MauiStocksMini.csproj", "{4CF04ACE-75F0-4982-AB3D-6869079ECA2C}"
EndProject
Global
	GlobalSection(SolutionConfigurationPlatforms) = preSolution
		Debug|Any CPU = Debug|Any CPU
		Release|Any CPU = Release|Any CPU
	EndGlobalSection
	GlobalSection(ProjectConfigurationPlatforms) = postSolution
		{4CF04ACE-75F0-4982-AB3D-6869079ECA2C}.Debug|Any CPU.ActiveCfg = Debug|Any CPU
		{4CF04ACE-75F0-4982-AB3D-6869079ECA2C}.Debug|Any CPU.Build.0 = Debug|Any CPU
		{4CF04ACE-75F0-4982-AB3D-6869079ECA2C}.Debug|Any CPU.Deploy.0 = Debug|Any CPU
		{4CF04ACE-75F0-4982-AB3D-6869079ECA2C}.Release|Any CPU.ActiveCfg = Release|Any CPU
		{4CF04ACE-75F0-4982-AB3D-6869079ECA2C}.Release|Any CPU.Build.0 = Release|Any CPU
		{4CF04ACE-75F0-4982-AB3D-6869079ECA2C}.Release|Any CPU.Deploy.0 = Release|Any CPU
	EndGlobalSection
	GlobalSection(SolutionProperties) = preSolution
		HideSolutionNode = FALSE
	EndGlobalSection
	GlobalSection(ExtensibilityGlobals) = postSolution
		SolutionGuid = {61F7FB11-1E47-470C-91E2-47F8143E1572}
	EndGlobalSection
EndGlobal
